
Microsoft Visual Studio Solution File, Format Version 12.00
# Visual Studio 15
VisualStudioVersion = 15.0.27703.2035
MinimumVisualStudioVersion = 10.0.40219.1
Project("{FAE04EC0-301F-11D3-BF4B-00C04F79EFBC}") = "AlgoPractice", "ConsoleApp1\AlgoPractice.csproj", "{B3E153B0-23A6-44C8-80DE-3C0AD3C278CB}"
EndProject
Global
	GlobalSection(SolutionConfigurationPlatforms) = preSolution
		Debug|Any CPU = Debug|Any CPU
		Release|Any CPU = Release|Any CPU
	EndGlobalSection
	GlobalSection(ProjectConfigurationPlatforms) = postSolution
		{B3E153B0-23A6-44C8-80DE-3C0AD3C278CB}.Debug|Any CPU.ActiveCfg = Debug|Any CPU
		{B3E153B0-23A6-44C8-80DE-3C0AD3C278CB}.Debug|Any CPU.Build.0 = Debug|Any CPU
		{B3E153B0-23A6-44C8-80DE-3C0AD3C278CB}.Release|Any CPU.ActiveCfg = Release|Any CPU
		{B3E153B0-23A6-44C8-80DE-3C0AD3C278CB}.Release|Any CPU.Build.0 = Release|Any CPU
	EndGlobalSection
	GlobalSection(SolutionProperties) = preSolution
		HideSolutionNode = FALSE
	EndGlobalSection
	GlobalSection(ExtensibilityGlobals) = postSolution
		SolutionGuid = {318D6E7D-6CDD-4FE5-B566-2207D9B84067}
	EndGlobalSection
EndGlobal
